{
  "name": "xlgis",
  "version": "0.0.1",
  "lockfileVersion": 1,
  "requires": true,
  "dependencies": {
    "@types/geojson": {
      "version": "7946.0.6",
      "resolved": "https://registry.npmjs.org/@types/geojson/-/geojson-7946.0.6.tgz",
      "integrity": "sha512-f6qai3iR62QuMPPdgyH+LyiXTL2n9Rf62UniJjV7KHrbiwzLTZUKsdq0mFSTxAHbO7JvwxwC4tH0m1UnweuLrA=="
    },
    "@types/leaflet": {
      "version": "1.4.2",
      "resolved": "https://registry.npmjs.org/@types/leaflet/-/leaflet-1.4.2.tgz",
      "integrity": "sha512-iRyUFh6m5OSbhekHxlZb5SkdfUVpaXhk+e8fgQviZL6iZ1chV3Q030/+M6jO2A6VM235A1hYuUmBMVsrLAvKEA==",
      "requires": {
        "@types/geojson": "*"
      }
    },
    "@types/office-js": {
      "version": "0.0.158",
      "resolved": "https://registry.npmjs.org/@types/office-js/-/office-js-0.0.158.tgz",
      "integrity": "sha512-sCHDZw2JwiyEwtbpE0AZ3AeymTv64NMQPEtpL7f/YQzy3/oY4jGfoyZSwoWVc6/SVMLGrdUPLOIKsMqxjj/saA=="
    },
    "@types/proj4": {
      "version": "2.5.0",
      "resolved": "https://registry.npmjs.org/@types/proj4/-/proj4-2.5.0.tgz",
      "integrity": "sha512-9bR9qvg4wZE6UiIlmhodCOZ2r38SeN8T35SsmMDuIMfACxxaMvIwiwoTJnEA9f/KEhL+BQSuD+arbZucUzYu7w=="
    }
  }
}
